
Microsoft Visual Studio Solution File, Format Version 12.00
# Visual Studio Version 16
VisualStudioVersion = 16.0.29728.190
MinimumVisualStudioVersion = 10.0.40219.1
Project("{FAE04EC0-301F-11D3-BF4B-00C04F79EFBC}") = "JC.Samples.EncryptedSettings", "JC.Samples.EncryptedSettings\JC.Samples.EncryptedSettings.csproj", "{F8904CF6-45E2-4117-95C9-7D16A511C4FD}"
EndProject
Global
	GlobalSection(SolutionConfigurationPlatforms) = preSolution
		Debug|Any CPU = Debug|Any CPU
		Release|Any CPU = Release|Any CPU
	EndGlobalSection
	GlobalSection(ProjectConfigurationPlatforms) = postSolution
		{F8904CF6-45E2-4117-95C9-7D16A511C4FD}.Debug|Any CPU.ActiveCfg = Debug|Any CPU
		{F8904CF6-45E2-4117-95C9-7D16A511C4FD}.Debug|Any CPU.Build.0 = Debug|Any CPU
		{F8904CF6-45E2-4117-95C9-7D16A511C4FD}.Release|Any CPU.ActiveCfg = Release|Any CPU
		{F8904CF6-45E2-4117-95C9-7D16A511C4FD}.Release|Any CPU.Build.0 = Release|Any CPU
	EndGlobalSection
	GlobalSection(SolutionProperties) = preSolution
		HideSolutionNode = FALSE
	EndGlobalSection
	GlobalSection(ExtensibilityGlobals) = postSolution
		SolutionGuid = {0D57DCF7-926D-4DFA-9418-71B020B5C884}
	EndGlobalSection
EndGlobal
